
Microsoft Visual Studio Solution File, Format Version 12.00
# Visual Studio Version 17
VisualStudioVersion = 17.14.36414.22 d17.14
MinimumVisualStudioVersion = 10.0.40219.1
Project("{FAE04EC0-301F-11D3-BF4B-00C04F79EFBC}") = "ScreenGrabber", "ScreenGrabber.csproj", "{9AFC2392-B6A5-423D-BC9D-8666AA62AEE1}"
EndProject
Global
	GlobalSection(SolutionConfigurationPlatforms) = preSolution
		Debug|Any CPU = Debug|Any CPU
		Release|Any CPU = Release|Any CPU
	EndGlobalSection
	GlobalSection(ProjectConfigurationPlatforms) = postSolution
		{9AFC2392-B6A5-423D-BC9D-8666AA62AEE1}.Debug|Any CPU.ActiveCfg = Debug|Any CPU
		{9AFC2392-B6A5-423D-BC9D-8666AA62AEE1}.Debug|Any CPU.Build.0 = Debug|Any CPU
		{9AFC2392-B6A5-423D-BC9D-8666AA62AEE1}.Release|Any CPU.ActiveCfg = Release|Any CPU
		{9AFC2392-B6A5-423D-BC9D-8666AA62AEE1}.Release|Any CPU.Build.0 = Release|Any CPU
	EndGlobalSection
	GlobalSection(SolutionProperties) = preSolution
		HideSolutionNode = FALSE
	EndGlobalSection
	GlobalSection(ExtensibilityGlobals) = postSolution
		SolutionGuid = {66289A37-6ED7-45CB-BD87-9FBCE69B63B4}
	EndGlobalSection
EndGlobal
